
Microsoft Visual Studio Solution File, Format Version 12.00
# Visual Studio Version 16
VisualStudioVersion = 16.0.31129.286
MinimumVisualStudioVersion = 10.0.40219.1
Project("{9A19103F-16F7-4668-BE54-9A1E7A4F7556}") = "todo-api", "todo-api\todo-api.csproj", "{8A738FEA-0CCF-4A5A-84ED-61CFF08D9C3A}"
EndProject
Project("{FAE04EC0-301F-11D3-BF4B-00C04F79EFBC}") = "todo-api-domain", "todo-api-domain\todo-api-domain.csproj", "{F9AA1E57-5EFE-4129-8832-2A162881B36F}"
EndProject
Project("{FAE04EC0-301F-11D3-BF4B-00C04F79EFBC}") = "todo-api-application", "todo-api-application\todo-api-application.csproj", "{148DFFBF-D304-4726-931D-103EA5DD580A}"
EndProject
Project("{FAE04EC0-301F-11D3-BF4B-00C04F79EFBC}") = "todo-api-infrastrucutre-db", "todo-api-infrastrucutre-db\todo-api-infrastrucutre-db.csproj", "{244F1945-84BE-40CD-80E5-3F88320ACD04}"
EndProject
Global
	GlobalSection(SolutionConfigurationPlatforms) = preSolution
		Debug|Any CPU = Debug|Any CPU
		Release|Any CPU = Release|Any CPU
	EndGlobalSection
	GlobalSection(ProjectConfigurationPlatforms) = postSolution
		{8A738FEA-0CCF-4A5A-84ED-61CFF08D9C3A}.Debug|Any CPU.ActiveCfg = Debug|Any CPU
		{8A738FEA-0CCF-4A5A-84ED-61CFF08D9C3A}.Debug|Any CPU.Build.0 = Debug|Any CPU
		{8A738FEA-0CCF-4A5A-84ED-61CFF08D9C3A}.Release|Any CPU.ActiveCfg = Release|Any CPU
		{8A738FEA-0CCF-4A5A-84ED-61CFF08D9C3A}.Release|Any CPU.Build.0 = Release|Any CPU
		{F9AA1E57-5EFE-4129-8832-2A162881B36F}.Debug|Any CPU.ActiveCfg = Debug|Any CPU
		{F9AA1E57-5EFE-4129-8832-2A162881B36F}.Debug|Any CPU.Build.0 = Debug|Any CPU
		{F9AA1E57-5EFE-4129-8832-2A162881B36F}.Release|Any CPU.ActiveCfg = Release|Any CPU
		{F9AA1E57-5EFE-4129-8832-2A162881B36F}.Release|Any CPU.Build.0 = Release|Any CPU
		{148DFFBF-D304-4726-931D-103EA5DD580A}.Debug|Any CPU.ActiveCfg = Debug|Any CPU
		{148DFFBF-D304-4726-931D-103EA5DD580A}.Debug|Any CPU.Build.0 = Debug|Any CPU
		{148DFFBF-D304-4726-931D-103EA5DD580A}.Release|Any CPU.ActiveCfg = Release|Any CPU
		{148DFFBF-D304-4726-931D-103EA5DD580A}.Release|Any CPU.Build.0 = Release|Any CPU
		{244F1945-84BE-40CD-80E5-3F88320ACD04}.Debug|Any CPU.ActiveCfg = Debug|Any CPU
		{244F1945-84BE-40CD-80E5-3F88320ACD04}.Debug|Any CPU.Build.0 = Debug|Any CPU
		{244F1945-84BE-40CD-80E5-3F88320ACD04}.Release|Any CPU.ActiveCfg = Release|Any CPU
		{244F1945-84BE-40CD-80E5-3F88320ACD04}.Release|Any CPU.Build.0 = Release|Any CPU
	EndGlobalSection
	GlobalSection(SolutionProperties) = preSolution
		HideSolutionNode = FALSE
	EndGlobalSection
	GlobalSection(ExtensibilityGlobals) = postSolution
		SolutionGuid = {26C1CAE7-747C-496B-87D4-4A23CAD1D0D5}
	EndGlobalSection
EndGlobal
